
Microsoft Visual Studio Solution File, Format Version 12.00
# Visual Studio Version 16
VisualStudioVersion = 16.0.31702.278
MinimumVisualStudioVersion = 10.0.40219.1
Project("{8BC9CEB8-8B4A-11D0-8D11-00A0C91BC942}") = "lab2_Matrix_Vector", "lab2_Matrix_Vector.vcxproj", "{5627319A-7B0C-4BB9-A33F-C1986F439E00}"
EndProject
Global
	GlobalSection(SolutionConfigurationPlatforms) = preSolution
		Debug|x64 = Debug|x64
		Debug|x86 = Debug|x86
		Release|x64 = Release|x64
		Release|x86 = Release|x86
	EndGlobalSection
	GlobalSection(ProjectConfigurationPlatforms) = postSolution
		{5627319A-7B0C-4BB9-A33F-C1986F439E00}.Debug|x64.ActiveCfg = Debug|x64
		{5627319A-7B0C-4BB9-A33F-C1986F439E00}.Debug|x64.Build.0 = Debug|x64
		{5627319A-7B0C-4BB9-A33F-C1986F439E00}.Debug|x86.ActiveCfg = Debug|Win32
		{5627319A-7B0C-4BB9-A33F-C1986F439E00}.Debug|x86.Build.0 = Debug|Win32
		{5627319A-7B0C-4BB9-A33F-C1986F439E00}.Release|x64.ActiveCfg = Release|x64
		{5627319A-7B0C-4BB9-A33F-C1986F439E00}.Release|x64.Build.0 = Release|x64
		{5627319A-7B0C-4BB9-A33F-C1986F439E00}.Release|x86.ActiveCfg = Release|Win32
		{5627319A-7B0C-4BB9-A33F-C1986F439E00}.Release|x86.Build.0 = Release|Win32
	EndGlobalSection
	GlobalSection(SolutionProperties) = preSolution
		HideSolutionNode = FALSE
	EndGlobalSection
	GlobalSection(ExtensibilityGlobals) = postSolution
		SolutionGuid = {DDBBE1C5-3C44-44E9-A48F-CC039CED66D7}
	EndGlobalSection
EndGlobal
